
Microsoft Visual Studio Solution File, Format Version 12.00
# Visual Studio Version 17
VisualStudioVersion = 17.0.31903.59
MinimumVisualStudioVersion = 10.0.40219.1
Project("{2150E333-8FDC-42A3-9474-1A3956D46DE8}") = "src", "src", "{5C4F4A70-1815-480E-A942-659F6D9FAF12}"
EndProject
Project("{FAE04EC0-301F-11D3-BF4B-00C04F79EFBC}") = "Mielek.Builders.Generator", "src\Mielek.Builders.Generator\Mielek.Builders.Generator.csproj", "{E549DD18-8A16-4D80-9984-B13DD9B8A659}"
EndProject
Project("{FAE04EC0-301F-11D3-BF4B-00C04F79EFBC}") = "Mielek.Builders.Generator.Attributes", "src\Mielek.Builders.Generator.Attributes\Mielek.Builders.Generator.Attributes.csproj", "{772736CD-950D-4C56-A29A-AC994E5AA64C}"
EndProject
Project("{2150E333-8FDC-42A3-9474-1A3956D46DE8}") = "test", "test", "{D3A3FD0B-F2FA-4E76-86F8-95943426EA61}"
EndProject
Project("{FAE04EC0-301F-11D3-BF4B-00C04F79EFBC}") = "Mielek.Test.Builder.Generator", "test\Mielek.Test.Builder.Generator\Mielek.Test.Builder.Generator.csproj", "{C9EA2A43-0875-41E9-981F-ADC33CAC1754}"
EndProject
Project("{FAE04EC0-301F-11D3-BF4B-00C04F79EFBC}") = "Mielek.Test.Shop.Model", "test\Mielek.Test.Shop.Model\Mielek.Test.Shop.Model.csproj", "{B875B046-5736-4723-9640-AFD11A06A280}"
EndProject
Global
	GlobalSection(SolutionConfigurationPlatforms) = preSolution
		Debug|Any CPU = Debug|Any CPU
		Release|Any CPU = Release|Any CPU
	EndGlobalSection
	GlobalSection(SolutionProperties) = preSolution
		HideSolutionNode = FALSE
	EndGlobalSection
	GlobalSection(ProjectConfigurationPlatforms) = postSolution
		{E549DD18-8A16-4D80-9984-B13DD9B8A659}.Debug|Any CPU.ActiveCfg = Debug|Any CPU
		{E549DD18-8A16-4D80-9984-B13DD9B8A659}.Debug|Any CPU.Build.0 = Debug|Any CPU
		{E549DD18-8A16-4D80-9984-B13DD9B8A659}.Release|Any CPU.ActiveCfg = Release|Any CPU
		{E549DD18-8A16-4D80-9984-B13DD9B8A659}.Release|Any CPU.Build.0 = Release|Any CPU
		{772736CD-950D-4C56-A29A-AC994E5AA64C}.Debug|Any CPU.ActiveCfg = Debug|Any CPU
		{772736CD-950D-4C56-A29A-AC994E5AA64C}.Debug|Any CPU.Build.0 = Debug|Any CPU
		{772736CD-950D-4C56-A29A-AC994E5AA64C}.Release|Any CPU.ActiveCfg = Release|Any CPU
		{772736CD-950D-4C56-A29A-AC994E5AA64C}.Release|Any CPU.Build.0 = Release|Any CPU
		{C9EA2A43-0875-41E9-981F-ADC33CAC1754}.Debug|Any CPU.ActiveCfg = Debug|Any CPU
		{C9EA2A43-0875-41E9-981F-ADC33CAC1754}.Debug|Any CPU.Build.0 = Debug|Any CPU
		{C9EA2A43-0875-41E9-981F-ADC33CAC1754}.Release|Any CPU.ActiveCfg = Release|Any CPU
		{C9EA2A43-0875-41E9-981F-ADC33CAC1754}.Release|Any CPU.Build.0 = Release|Any CPU
		{B875B046-5736-4723-9640-AFD11A06A280}.Debug|Any CPU.ActiveCfg = Debug|Any CPU
		{B875B046-5736-4723-9640-AFD11A06A280}.Debug|Any CPU.Build.0 = Debug|Any CPU
		{B875B046-5736-4723-9640-AFD11A06A280}.Release|Any CPU.ActiveCfg = Release|Any CPU
		{B875B046-5736-4723-9640-AFD11A06A280}.Release|Any CPU.Build.0 = Release|Any CPU
	EndGlobalSection
	GlobalSection(NestedProjects) = preSolution
		{E549DD18-8A16-4D80-9984-B13DD9B8A659} = {5C4F4A70-1815-480E-A942-659F6D9FAF12}
		{772736CD-950D-4C56-A29A-AC994E5AA64C} = {5C4F4A70-1815-480E-A942-659F6D9FAF12}
		{C9EA2A43-0875-41E9-981F-ADC33CAC1754} = {D3A3FD0B-F2FA-4E76-86F8-95943426EA61}
		{B875B046-5736-4723-9640-AFD11A06A280} = {D3A3FD0B-F2FA-4E76-86F8-95943426EA61}
	EndGlobalSection
EndGlobal
